
Microsoft Visual Studio Solution File, Format Version 12.00
# Visual Studio Version 17
VisualStudioVersion = 17.3.32825.248
MinimumVisualStudioVersion = 10.0.40219.1
Project("{FAE04EC0-301F-11D3-BF4B-00C04F79EFBC}") = "DzEntityFramework1", "DzEntityFramework1\DzEntityFramework1.csproj", "{C697AC6B-2EE8-4124-BFB1-FD9ACB7CBCB4}"
EndProject
Global
	GlobalSection(SolutionConfigurationPlatforms) = preSolution
		Debug|Any CPU = Debug|Any CPU
		Release|Any CPU = Release|Any CPU
	EndGlobalSection
	GlobalSection(ProjectConfigurationPlatforms) = postSolution
		{C697AC6B-2EE8-4124-BFB1-FD9ACB7CBCB4}.Debug|Any CPU.ActiveCfg = Debug|Any CPU
		{C697AC6B-2EE8-4124-BFB1-FD9ACB7CBCB4}.Debug|Any CPU.Build.0 = Debug|Any CPU
		{C697AC6B-2EE8-4124-BFB1-FD9ACB7CBCB4}.Release|Any CPU.ActiveCfg = Release|Any CPU
		{C697AC6B-2EE8-4124-BFB1-FD9ACB7CBCB4}.Release|Any CPU.Build.0 = Release|Any CPU
	EndGlobalSection
	GlobalSection(SolutionProperties) = preSolution
		HideSolutionNode = FALSE
	EndGlobalSection
	GlobalSection(ExtensibilityGlobals) = postSolution
		SolutionGuid = {39F6C19E-75C7-40B5-B670-AEB1D25D7D76}
	EndGlobalSection
EndGlobal
